
Microsoft Visual Studio Solution File, Format Version 12.00
# Visual Studio Version 17
VisualStudioVersion = 17.14.36705.20 d17.14
MinimumVisualStudioVersion = 10.0.40219.1
Project("{FAE04EC0-301F-11D3-BF4B-00C04F79EFBC}") = "WeatherBE", "WeatherBE.csproj", "{AA0E598B-6D15-43E2-865D-D9E9BCCD6DEF}"
EndProject
Global
	GlobalSection(SolutionConfigurationPlatforms) = preSolution
		Debug|Any CPU = Debug|Any CPU
		Release|Any CPU = Release|Any CPU
	EndGlobalSection
	GlobalSection(ProjectConfigurationPlatforms) = postSolution
		{AA0E598B-6D15-43E2-865D-D9E9BCCD6DEF}.Debug|Any CPU.ActiveCfg = Debug|Any CPU
		{AA0E598B-6D15-43E2-865D-D9E9BCCD6DEF}.Debug|Any CPU.Build.0 = Debug|Any CPU
		{AA0E598B-6D15-43E2-865D-D9E9BCCD6DEF}.Release|Any CPU.ActiveCfg = Release|Any CPU
		{AA0E598B-6D15-43E2-865D-D9E9BCCD6DEF}.Release|Any CPU.Build.0 = Release|Any CPU
	EndGlobalSection
	GlobalSection(SolutionProperties) = preSolution
		HideSolutionNode = FALSE
	EndGlobalSection
	GlobalSection(ExtensibilityGlobals) = postSolution
		SolutionGuid = {BA1CAB42-3FCC-4571-9BB0-D6F28AC5FCE0}
	EndGlobalSection
EndGlobal
